{
  "version": 4,
  "terraform_version": "1.3.2",
  "serial": 161,
  "lineage": "33a52227-9523-0163-d22b-cf80ea88ae38",
  "outputs": {},
  "resources": [
    {
      "mode": "managed",
      "type": "linode_instance",
      "name": "git",
      "provider": "provider[\"registry.terraform.io/linode/linode\"]",
      "instances": [
        {
          "schema_version": 0,
          "attributes": {
            "alerts": [
              {
                "cpu": 90,
                "io": 10000,
                "network_in": 10,
                "network_out": 10,
                "transfer_quota": 80
              }
            ],
            "authorized_keys": [
              "ssh-rsa AAAAB3NzaC1yc2EAAAADAQABAAABgQDfwvESgjFh9YQzuiLdNCwMdn4zfqtGZvOTlVzFr8tr5T7VlQfMigtT5GkBorrVQE7BttYtnWgd58MVrF24Rvvurl37z/wYazvp+0o/8m2TUaXcQbHms/sIRl1Xujujlcf+hsT4B1D7N3myvClZ0orq1IlYDYxz6jNeYIrM77HppP5Z8vpX01BhuKY2otpyKASLb/+uRfpk/91JnsHjv/715y/ApZG2My602tmDYsKgWiCNTxahl0p7cDmJS+1XeDncAR19iVvVjpmHh8Kc9D4GjsRDToN3wI/X9QX14KqUybHZZ5h0HKbaD1XcVKoHtFM/PvdDmvgPdzLaWyJsa+yLIqJ2MIHyANWk6e9BFUrEqla5Mrm9koeKJCxW5YOl7Q+Em0x0lrt3mWtenXenfS/yTROsSC/qwEjpHVxqQYUT6HmMhsCYTvuTlYqDK36xK/qNZk4WtXrnFuRUfigWkntiCji+Dmy/TcYPL74c4EQlBdlsvNZ2f6N9oyAPbPgfIfU= Generated by fvila@NEO."
            ],
            "authorized_users": null,
            "backup_id": null,
            "backups": [
              {
                "enabled": false,
                "schedule": [
                  {
                    "day": "",
                    "window": ""
                  }
                ]
              }
            ],
            "backups_enabled": false,
            "boot_config_label": "My Debian 11 Profile",
            "booted": true,
            "config": [
              {
                "comments": "",
                "devices": [
                  {
                    "sda": [
                      {
                        "disk_id": 79200022,
                        "disk_label": "Debian 11 Disk",
                        "volume_id": 0
                      }
                    ],
                    "sdb": [
                      {
                        "disk_id": 79200023,
                        "disk_label": "512 MB Swap Image",
                        "volume_id": 0
                      }
                    ],
                    "sdc": [],
                    "sdd": [],
                    "sde": [],
                    "sdf": [],
                    "sdg": [],
                    "sdh": []
                  }
                ],
                "helpers": [
                  {
                    "devtmpfs_automount": true,
                    "distro": true,
                    "modules_dep": true,
                    "network": true,
                    "updatedb_disabled": true
                  }
                ],
                "interface": [],
                "kernel": "linode/grub2",
                "label": "My Debian 11 Profile",
                "memory_limit": 0,
                "root_device": "/dev/sda",
                "run_level": "default",
                "virt_mode": "paravirt"
              }
            ],
            "disk": [
              {
                "authorized_keys": [],
                "authorized_users": [],
                "filesystem": "ext4",
                "id": 79200022,
                "image": "",
                "label": "Debian 11 Disk",
                "read_only": false,
                "root_pass": "",
                "size": 50688,
                "stackscript_data": {},
                "stackscript_id": 0
              },
              {
                "authorized_keys": [],
                "authorized_users": [],
                "filesystem": "swap",
                "id": 79200023,
                "image": "",
                "label": "512 MB Swap Image",
                "read_only": false,
                "root_pass": "",
                "size": 512,
                "stackscript_data": {},
                "stackscript_id": 0
              }
            ],
            "group": "",
            "id": "39521043",
            "image": "linode/debian11",
            "interface": [],
            "ip_address": "139.144.235.120",
            "ipv4": [
              "139.144.235.120",
              "192.168.178.157"
            ],
            "ipv6": "2600:3c03::f03c:93ff:fe5c:0296/128",
            "label": "gogs",
            "private_ip": true,
            "private_ip_address": "192.168.178.157",
            "region": "us-east",
            "resize_disk": false,
            "root_pass": null,
            "shared_ipv4": [],
            "specs": [
              {
                "disk": 51200,
                "memory": 2048,
                "transfer": 2000,
                "vcpus": 1
              }
            ],
            "stackscript_data": null,
            "stackscript_id": 1072598,
            "status": "running",
            "swap_size": 512,
            "tags": null,
            "timeouts": null,
            "type": "g6-standard-1",
            "watchdog_enabled": true
          },
          "sensitive_attributes": [],
          "private": "eyJlMmJmYjczMC1lY2FhLTExZTYtOGY4OC0zNDM2M2JjN2M0YzAiOnsiY3JlYXRlIjo2MDAwMDAwMDAwMDAsImRlbGV0ZSI6NjAwMDAwMDAwMDAwLCJ1cGRhdGUiOjEyMDAwMDAwMDAwMDB9fQ==",
          "dependencies": [
            "linode_sshkey.git",
            "linode_stackscript.git"
          ]
        }
      ]
    },
    {
      "mode": "managed",
      "type": "linode_instance",
      "name": "jenkins",
      "provider": "provider[\"registry.terraform.io/linode/linode\"]",
      "instances": [
        {
          "schema_version": 0,
          "attributes": {
            "alerts": [
              {
                "cpu": 180,
                "io": 10000,
                "network_in": 10,
                "network_out": 10,
                "transfer_quota": 80
              }
            ],
            "authorized_keys": [
              "ssh-rsa AAAAB3NzaC1yc2EAAAADAQABAAABgQDfwvESgjFh9YQzuiLdNCwMdn4zfqtGZvOTlVzFr8tr5T7VlQfMigtT5GkBorrVQE7BttYtnWgd58MVrF24Rvvurl37z/wYazvp+0o/8m2TUaXcQbHms/sIRl1Xujujlcf+hsT4B1D7N3myvClZ0orq1IlYDYxz6jNeYIrM77HppP5Z8vpX01BhuKY2otpyKASLb/+uRfpk/91JnsHjv/715y/ApZG2My602tmDYsKgWiCNTxahl0p7cDmJS+1XeDncAR19iVvVjpmHh8Kc9D4GjsRDToN3wI/X9QX14KqUybHZZ5h0HKbaD1XcVKoHtFM/PvdDmvgPdzLaWyJsa+yLIqJ2MIHyANWk6e9BFUrEqla5Mrm9koeKJCxW5YOl7Q+Em0x0lrt3mWtenXenfS/yTROsSC/qwEjpHVxqQYUT6HmMhsCYTvuTlYqDK36xK/qNZk4WtXrnFuRUfigWkntiCji+Dmy/TcYPL74c4EQlBdlsvNZ2f6N9oyAPbPgfIfU= Generated by fvila@NEO."
            ],
            "authorized_users": null,
            "backup_id": null,
            "backups": [
              {
                "enabled": false,
                "schedule": [
                  {
                    "day": "",
                    "window": ""
                  }
                ]
              }
            ],
            "backups_enabled": false,
            "boot_config_label": "My Debian 11 Profile",
            "booted": true,
            "config": [
              {
                "comments": "",
                "devices": [
                  {
                    "sda": [
                      {
                        "disk_id": 79200040,
                        "disk_label": "Debian 11 Disk",
                        "volume_id": 0
                      }
                    ],
                    "sdb": [
                      {
                        "disk_id": 79200041,
                        "disk_label": "512 MB Swap Image",
                        "volume_id": 0
                      }
                    ],
                    "sdc": [],
                    "sdd": [],
                    "sde": [],
                    "sdf": [],
                    "sdg": [],
                    "sdh": []
                  }
                ],
                "helpers": [
                  {
                    "devtmpfs_automount": true,
                    "distro": true,
                    "modules_dep": true,
                    "network": true,
                    "updatedb_disabled": true
                  }
                ],
                "interface": [],
                "kernel": "linode/grub2",
                "label": "My Debian 11 Profile",
                "memory_limit": 0,
                "root_device": "/dev/sda",
                "run_level": "default",
                "virt_mode": "paravirt"
              }
            ],
            "disk": [
              {
                "authorized_keys": [],
                "authorized_users": [],
                "filesystem": "ext4",
                "id": 79200040,
                "image": "",
                "label": "Debian 11 Disk",
                "read_only": false,
                "root_pass": "",
                "size": 81408,
                "stackscript_data": {},
                "stackscript_id": 0
              },
              {
                "authorized_keys": [],
                "authorized_users": [],
                "filesystem": "swap",
                "id": 79200041,
                "image": "",
                "label": "512 MB Swap Image",
                "read_only": false,
                "root_pass": "",
                "size": 512,
                "stackscript_data": {},
                "stackscript_id": 0
              }
            ],
            "group": "",
            "id": "39521053",
            "image": "linode/debian11",
            "interface": [],
            "ip_address": "139.144.235.184",
            "ipv4": [
              "139.144.235.184",
              "192.168.162.229"
            ],
            "ipv6": "2600:3c03::f03c:93ff:fe5c:0276/128",
            "label": "jenkins",
            "private_ip": true,
            "private_ip_address": "192.168.162.229",
            "region": "us-east",
            "resize_disk": false,
            "root_pass": null,
            "shared_ipv4": [],
            "specs": [
              {
                "disk": 81920,
                "memory": 4096,
                "transfer": 4000,
                "vcpus": 2
              }
            ],
            "stackscript_data": null,
            "stackscript_id": 1072597,
            "status": "running",
            "swap_size": 512,
            "tags": null,
            "timeouts": null,
            "type": "g6-standard-2",
            "watchdog_enabled": true
          },
          "sensitive_attributes": [],
          "private": "eyJlMmJmYjczMC1lY2FhLTExZTYtOGY4OC0zNDM2M2JjN2M0YzAiOnsiY3JlYXRlIjo2MDAwMDAwMDAwMDAsImRlbGV0ZSI6NjAwMDAwMDAwMDAwLCJ1cGRhdGUiOjEyMDAwMDAwMDAwMDB9fQ==",
          "dependencies": [
            "linode_sshkey.jenkins",
            "linode_stackscript.jenkins"
          ]
        }
      ]
    },
    {
      "mode": "managed",
      "type": "linode_sshkey",
      "name": "git",
      "provider": "provider[\"registry.terraform.io/linode/linode\"]",
      "instances": [
        {
          "schema_version": 0,
          "attributes": {
            "created": "2022-10-13T14:42:06Z",
            "id": "225840",
            "label": "gogs",
            "ssh_key": "ssh-rsa AAAAB3NzaC1yc2EAAAADAQABAAABgQDfwvESgjFh9YQzuiLdNCwMdn4zfqtGZvOTlVzFr8tr5T7VlQfMigtT5GkBorrVQE7BttYtnWgd58MVrF24Rvvurl37z/wYazvp+0o/8m2TUaXcQbHms/sIRl1Xujujlcf+hsT4B1D7N3myvClZ0orq1IlYDYxz6jNeYIrM77HppP5Z8vpX01BhuKY2otpyKASLb/+uRfpk/91JnsHjv/715y/ApZG2My602tmDYsKgWiCNTxahl0p7cDmJS+1XeDncAR19iVvVjpmHh8Kc9D4GjsRDToN3wI/X9QX14KqUybHZZ5h0HKbaD1XcVKoHtFM/PvdDmvgPdzLaWyJsa+yLIqJ2MIHyANWk6e9BFUrEqla5Mrm9koeKJCxW5YOl7Q+Em0x0lrt3mWtenXenfS/yTROsSC/qwEjpHVxqQYUT6HmMhsCYTvuTlYqDK36xK/qNZk4WtXrnFuRUfigWkntiCji+Dmy/TcYPL74c4EQlBdlsvNZ2f6N9oyAPbPgfIfU= Generated by fvila@NEO."
          },
          "sensitive_attributes": [],
          "private": "bnVsbA=="
        }
      ]
    },
    {
      "mode": "managed",
      "type": "linode_sshkey",
      "name": "jenkins",
      "provider": "provider[\"registry.terraform.io/linode/linode\"]",
      "instances": [
        {
          "schema_version": 0,
          "attributes": {
            "created": "2022-10-13T14:42:06Z",
            "id": "225839",
            "label": "jenkins",
            "ssh_key": "ssh-rsa AAAAB3NzaC1yc2EAAAADAQABAAABgQDfwvESgjFh9YQzuiLdNCwMdn4zfqtGZvOTlVzFr8tr5T7VlQfMigtT5GkBorrVQE7BttYtnWgd58MVrF24Rvvurl37z/wYazvp+0o/8m2TUaXcQbHms/sIRl1Xujujlcf+hsT4B1D7N3myvClZ0orq1IlYDYxz6jNeYIrM77HppP5Z8vpX01BhuKY2otpyKASLb/+uRfpk/91JnsHjv/715y/ApZG2My602tmDYsKgWiCNTxahl0p7cDmJS+1XeDncAR19iVvVjpmHh8Kc9D4GjsRDToN3wI/X9QX14KqUybHZZ5h0HKbaD1XcVKoHtFM/PvdDmvgPdzLaWyJsa+yLIqJ2MIHyANWk6e9BFUrEqla5Mrm9koeKJCxW5YOl7Q+Em0x0lrt3mWtenXenfS/yTROsSC/qwEjpHVxqQYUT6HmMhsCYTvuTlYqDK36xK/qNZk4WtXrnFuRUfigWkntiCji+Dmy/TcYPL74c4EQlBdlsvNZ2f6N9oyAPbPgfIfU= Generated by fvila@NEO."
          },
          "sensitive_attributes": [],
          "private": "bnVsbA=="
        }
      ]
    },
    {
      "mode": "managed",
      "type": "linode_stackscript",
      "name": "git",
      "provider": "provider[\"registry.terraform.io/linode/linode\"]",
      "instances": [
        {
          "schema_version": 0,
          "attributes": {
            "created": "2022-10-13 14:42:06 +0000 UTC",
            "deployments_active": 0,
            "deployments_total": 0,
            "description": "Install a GIT instance (GOGS) for source code versioning.",
            "id": "1072598",
            "images": [
              "linode/debian11"
            ],
            "is_public": false,
            "label": "gogs",
            "rev_note": "Initial version.",
            "script": "#!/bin/bash\napt -y update\napt -y upgrade\napt -y install ca-certificates curl wget dnsutils net-tools vim gnupg2\nwget -qO- https://dl.packager.io/srv/gogs/gogs/key | apt-key add -\nwget -O /etc/apt/sources.list.d/gogs.list https://dl.packager.io/srv/gogs/gogs/main/installer/debian/11.repo\napt -y update\napt -y install gogs\ncp /etc/default/gogs /tmp\nsed -i -e 's|6000|3000|g' /tmp/gogs\ncp /tmp/gogs /etc/default\nrm /tmp/gogs\ncp /etc/ssh/sshd_config /tmp\nsed -i -e 's|PasswordAuthentication yes|PasswordAuthentication no|g' /tmp/sshd_config\ncp /tmp/sshd_config /etc/ssh\nrm /tmp/sshd_config\nsystemctl restart ssh\nsystemctl restart gogs\nhostnamectl set-hostname gogs\n",
            "updated": "2022-10-13 14:42:06 +0000 UTC",
            "user_defined_fields": [],
            "user_gravatar_id": "f92c767024364ef9d541a637f4dea5b8",
            "username": "fvilarin"
          },
          "sensitive_attributes": [],
          "private": "bnVsbA=="
        }
      ]
    },
    {
      "mode": "managed",
      "type": "linode_stackscript",
      "name": "jenkins",
      "provider": "provider[\"registry.terraform.io/linode/linode\"]",
      "instances": [
        {
          "schema_version": 0,
          "attributes": {
            "created": "2022-10-13 14:42:06 +0000 UTC",
            "deployments_active": 0,
            "deployments_total": 0,
            "description": "Install a Jenkins instance to build CI/CD pipelines.",
            "id": "1072597",
            "images": [
              "linode/debian11"
            ],
            "is_public": false,
            "label": "jenkins",
            "rev_note": "Initial version.",
            "script": "#!/bin/bash\napt -y update\napt -y upgrade\napt -y install ca-certificates curl wget dnsutils net-tools vim gnupg openjdk-11-jdk default-jre apt-transport-https\nwget -qO- https://pkg.jenkins.io/debian-stable/jenkins.io.key | apt-key add -\necho \"deb https://pkg.jenkins.io/debian-stable binary/\" | tee /etc/apt/sources.list.d/jenkins.list\napt -y update\napt -y install jenkins\ncp /etc/ssh/sshd_config /tmp\nsed -i -e 's|PasswordAuthentication yes|PasswordAuthentication no|g' /tmp/sshd_config\ncp /tmp/sshd_config /etc/ssh\nrm /tmp/sshd_config\nsystemctl restart ssh\nhostnamectl set-hostname jenkins\n",
            "updated": "2022-10-13 14:42:06 +0000 UTC",
            "user_defined_fields": [],
            "user_gravatar_id": "f92c767024364ef9d541a637f4dea5b8",
            "username": "fvilarin"
          },
          "sensitive_attributes": [],
          "private": "bnVsbA=="
        }
      ]
    }
  ],
  "check_results": []
}
